{
  "requires": true,
  "lockfileVersion": 1,
  "dependencies": {
    "complex.js": {
      "version": "2.0.13",
      "resolved": "https://registry.npmjs.org/complex.js/-/complex.js-2.0.13.tgz",
      "integrity": "sha512-UEWd3G3/kd3lJmsdLsDh9qfinJlujL4hIFn3Vo4/G5eqehPsgCHf2CLhFs77tVkOp2stt/jbNit7Q1XFANFltA=="
    },
    "math": {
      "version": "0.0.3",
      "resolved": "https://registry.npmjs.org/math/-/math-0.0.3.tgz",
      "integrity": "sha1-hbAg/VTOELJqvqv81+H0vbxGRw8="
    },
    "require.js": {
      "version": "1.0.0",
      "resolved": "https://registry.npmjs.org/require.js/-/require.js-1.0.0.tgz",
      "integrity": "sha1-cfoyczZq9EJ7AmWiGL5eYu1PkMg="
    }
  }
}
